// !$*UTF8*$!
{
	archiveVersion = 1;
	classes = {
	};
	objectVersion = 46;
	objects = {

/* Begin PBXBuildFile section */
		9EBD30031C83EC5C00901339 /* AppDelegate.swift in Sources */ = {isa = PBXBuildFile; fileRef = 9EBD30021C83EC5C00901339 /* AppDelegate.swift */; };
		9EBD30081C83EC5C00901339 /* Main.storyboard in Resources */ = {isa = PBXBuildFile; fileRef = 9EBD30061C83EC5C00901339 /* Main.storyboard */; };
		9EBD300A1C83EC5C00901339 /* Assets.xcassets in Resources */ = {isa = PBXBuildFile; fileRef = 9EBD30091C83EC5C00901339 /* Assets.xcassets */; };
		9EBD300D1C83EC5C00901339 /* LaunchScreen.storyboard in Resources */ = {isa = PBXBuildFile; fileRef = 9EBD300B1C83EC5C00901339 /* LaunchScreen.storyboard */; };
		9EBD30171C83EF3C00901339 /* RestaurantTableViewController.swift in Sources */ = {isa = PBXBuildFile; fileRef = 9EBD30161C83EF3C00901339 /* RestaurantTableViewController.swift */; };
		9EBD30191C84936A00901339 /* CustomTableViewCell.swift in Sources */ = {isa = PBXBuildFile; fileRef = 9EBD30181C84936A00901339 /* CustomTableViewCell.swift */; };
		9EBD301B1C86922D00901339 /* RestaurantDetailViewController.swift in Sources */ = {isa = PBXBuildFile; fileRef = 9EBD301A1C86922D00901339 /* RestaurantDetailViewController.swift */; };
		9EBD301D1C89252C00901339 /* Restaurant.swift in Sources */ = {isa = PBXBuildFile; fileRef = 9EBD301C1C89252C00901339 /* Restaurant.swift */; };
		9EBD303E1C8C36BE00901339 /* DetailTableViewController.swift in Sources */ = {isa = PBXBuildFile; fileRef = 9EBD303D1C8C36BE00901339 /* DetailTableViewController.swift */; };
		9EBD30401C8C42CA00901339 /* DetailTableViewCell.swift in Sources */ = {isa = PBXBuildFile; fileRef = 9EBD303F1C8C42CA00901339 /* DetailTableViewCell.swift */; };
/* End PBXBuildFile section */

/* Begin PBXFileReference section */
		9EBD2FFF1C83EC5C00901339 /* FoodPin.app */ = {isa = PBXFileReference; explicitFileType = wrapper.application; includeInIndex = 0; path = FoodPin.app; sourceTree = BUILT_PRODUCTS_DIR; };
		9EBD30021C83EC5C00901339 /* AppDelegate.swift */ = {isa = PBXFileReference; lastKnownFileType = sourcecode.swift; path = AppDelegate.swift; sourceTree = "<group>"; };
		9EBD30071C83EC5C00901339 /* Base */ = {isa = PBXFileReference; lastKnownFileType = file.storyboard; name = Base; path = Base.lproj/Main.storyboard; sourceTree = "<group>"; };
		9EBD30091C83EC5C00901339 /* Assets.xcassets */ = {isa = PBXFileReference; lastKnownFileType = folder.assetcatalog; path = Assets.xcassets; sourceTree = "<group>"; };
		9EBD300C1C83EC5C00901339 /* Base */ = {isa = PBXFileReference; lastKnownFileType = file.storyboard; name = Base; path = Base.lproj/LaunchScreen.storyboard; sourceTree = "<group>"; };
		9EBD300E1C83EC5C00901339 /* Info.plist */ = {isa = PBXFileReference; lastKnownFileType = text.plist.xml; path = Info.plist; sourceTree = "<group>"; };
		9EBD30161C83EF3C00901339 /* RestaurantTableViewController.swift */ = {isa = PBXFileReference; fileEncoding = 4; lastKnownFileType = sourcecode.swift; path = RestaurantTableViewController.swift; sourceTree = "<group>"; };
		9EBD30181C84936A00901339 /* CustomTableViewCell.swift */ = {isa = PBXFileReference; fileEncoding = 4; lastKnownFileType = sourcecode.swift; path = CustomTableViewCell.swift; sourceTree = "<group>"; };
		9EBD301A1C86922D00901339 /* RestaurantDetailViewController.swift */ = {isa = PBXFileReference; fileEncoding = 4; lastKnownFileType = sourcecode.swift; path = RestaurantDetailViewController.swift; sourceTree = "<group>"; };
		9EBD301C1C89252C00901339 /* Restaurant.swift */ = {isa = PBXFileReference; fileEncoding = 4; lastKnownFileType = sourcecode.swift; path = Restaurant.swift; sourceTree = "<group>"; };
		9EBD301E1C89265300901339 /* transform.playground */ = {isa = PBXFileReference; lastKnownFileType = file.playground; path = transform.playground; sourceTree = "<group>"; };
		9EBD303D1C8C36BE00901339 /* DetailTableViewController.swift */ = {isa = PBXFileReference; fileEncoding = 4; lastKnownFileType = sourcecode.swift; path = DetailTableViewController.swift; sourceTree = "<group>"; };
		9EBD303F1C8C42CA00901339 /* DetailTableViewCell.swift */ = {isa = PBXFileReference; fileEncoding = 4; lastKnownFileType = sourcecode.swift; path = DetailTableViewCell.swift; sourceTree = "<group>"; };
/* End PBXFileReference section */

/* Begin PBXFrameworksBuildPhase section */
		9EBD2FFC1C83EC5C00901339 /* Frameworks */ = {
			isa = PBXFrameworksBuildPhase;
			buildActionMask = 2147483647;
			files = (
			);
			runOnlyForDeploymentPostprocessing = 0;
		};
/* End PBXFrameworksBuildPhase section */

/* Begin PBXGroup section */
		9EBD2FF61C83EC5C00901339 = {
			isa = PBXGroup;
			children = (
				9EBD30011C83EC5C00901339 /* FoodPin */,
				9EBD30001C83EC5C00901339 /* Products */,
			);
			sourceTree = "<group>";
		};
		9EBD30001C83EC5C00901339 /* Products */ = {
			isa = PBXGroup;
			children = (
				9EBD2FFF1C83EC5C00901339 /* FoodPin.app */,
			);
			name = Products;
			sourceTree = "<group>";
		};
		9EBD30011C83EC5C00901339 /* FoodPin */ = {
			isa = PBXGroup;
			children = (
				9EBD30021C83EC5C00901339 /* AppDelegate.swift */,
				9EBD30061C83EC5C00901339 /* Main.storyboard */,
				9EBD303F1C8C42CA00901339 /* DetailTableViewCell.swift */,
				9EBD303D1C8C36BE00901339 /* DetailTableViewController.swift */,
				9EBD301A1C86922D00901339 /* RestaurantDetailViewController.swift */,
				9EBD30181C84936A00901339 /* CustomTableViewCell.swift */,
				9EBD30161C83EF3C00901339 /* RestaurantTableViewController.swift */,
				9EBD301C1C89252C00901339 /* Restaurant.swift */,
				9EBD301E1C89265300901339 /* transform.playground */,
				9EBD30091C83EC5C00901339 /* Assets.xcassets */,
				9EBD300B1C83EC5C00901339 /* LaunchScreen.storyboard */,
				9EBD300E1C83EC5C00901339 /* Info.plist */,
			);
			path = FoodPin;
			sourceTree = "<group>";
		};
/* End PBXGroup section */

/* Begin PBXNativeTarget section */
		9EBD2FFE1C83EC5C00901339 /* FoodPin */ = {
			isa = PBXNativeTarget;
			buildConfigurationList = 9EBD30111C83EC5C00901339 /* Build configuration list for PBXNativeTarget "FoodPin" */;
			buildPhases = (
				9EBD2FFB1C83EC5C00901339 /* Sources */,
				9EBD2FFC1C83EC5C00901339 /* Frameworks */,
				9EBD2FFD1C83EC5C00901339 /* Resources */,
			);
			buildRules = (
			);
			dependencies = (
			);
			name = FoodPin;
			productName = FoodPin;
			productReference = 9EBD2FFF1C83EC5C00901339 /* FoodPin.app */;
			productType = "com.apple.product-type.application";
		};
/* End PBXNativeTarget section */

/* Begin PBXProject section */
		9EBD2FF71C83EC5C00901339 /* Project object */ = {
			isa = PBXProject;
			attributes = {
				LastSwiftUpdateCheck = 0720;
				LastUpgradeCheck = 0720;
				ORGANIZATIONNAME = "马腾";
				TargetAttributes = {
					9EBD2FFE1C83EC5C00901339 = {
						CreatedOnToolsVersion = 7.2.1;
						DevelopmentTeam = 4SWHP5MCCZ;
					};
				};
			};
			buildConfigurationList = 9EBD2FFA1C83EC5C00901339 /* Build configuration list for PBXProject "FoodPin" */;
			compatibilityVersion = "Xcode 3.2";
			developmentRegion = English;
			hasScannedForEncodings = 0;
			knownRegions = (
				en,
				Base,
			);
			mainGroup = 9EBD2FF61C83EC5C00901339;
			productRefGroup = 9EBD30001C83EC5C00901339 /* Products */;
			projectDirPath = "";
			projectRoot = "";
			targets = (
				9EBD2FFE1C83EC5C00901339 /* FoodPin */,
			);
		};
/* End PBXProject section */

/* Begin PBXResourcesBuildPhase section */
		9EBD2FFD1C83EC5C00901339 /* Resources */ = {
			isa = PBXResourcesBuildPhase;
			buildActionMask = 2147483647;
			files = (
				9EBD300D1C83EC5C00901339 /* LaunchScreen.storyboard in Resources */,
				9EBD300A1C83EC5C00901339 /* Assets.xcassets in Resources */,
				9EBD30081C83EC5C00901339 /* Main.storyboard in Resources */,
			);
			runOnlyForDeploymentPostprocessing = 0;
		};
/* End PBXResourcesBuildPhase section */

/* Begin PBXSourcesBuildPhase section */
		9EBD2FFB1C83EC5C00901339 /* Sources */ = {
			isa = PBXSourcesBuildPhase;
			buildActionMask = 2147483647;
			files = (
				9EBD303E1C8C36BE00901339 /* DetailTableViewController.swift in Sources */,
				9EBD301D1C89252C00901339 /* Restaurant.swift in Sources */,
				9EBD30401C8C42CA00901339 /* DetailTableViewCell.swift in Sources */,
				9EBD30191C84936A00901339 /* CustomTableViewCell.swift in Sources */,
				9EBD30171C83EF3C00901339 /* RestaurantTableViewController.swift in Sources */,
				9EBD301B1C86922D00901339 /* RestaurantDetailViewController.swift in Sources */,
				9EBD30031C83EC5C00901339 /* AppDelegate.swift in Sources */,
			);
			runOnlyForDeploymentPostprocessing = 0;
		};
/* End PBXSourcesBuildPhase section */

/* Begin PBXVariantGroup section */
		9EBD30061C83EC5C00901339 /* Main.storyboard */ = {
			isa = PBXVariantGroup;
			children = (
				9EBD30071C83EC5C00901339 /* Base */,
			);
			name = Main.storyboard;
			sourceTree = "<group>";
		};
		9EBD300B1C83EC5C00901339 /* LaunchScreen.storyboard */ = {
			isa = PBXVariantGroup;
			children = (
				9EBD300C1C83EC5C00901339 /* Base */,
			);
			name = LaunchScreen.storyboard;
			sourceTree = "<group>";
		};
/* End PBXVariantGroup section */

/* Begin XCBuildConfiguration section */
		9EBD300F1C83EC5C00901339 /* Debug */ = {
			isa = XCBuildConfiguration;
			buildSettings = {
				ALWAYS_SEARCH_USER_PATHS = NO;
				CLANG_CXX_LANGUAGE_STANDARD = "gnu++0x";
				CLANG_CXX_LIBRARY = "libc++";
				CLANG_ENABLE_MODULES = YES;
				CLANG_ENABLE_OBJC_ARC = YES;
				CLANG_WARN_BOOL_CONVERSION = YES;
				CLANG_WARN_CONSTANT_CONVERSION = YES;
				CLANG_WARN_DIRECT_OBJC_ISA_USAGE = YES_ERROR;
				CLANG_WARN_EMPTY_BODY = YES;
				CLANG_WARN_ENUM_CONVERSION = YES;
				CLANG_WARN_INT_CONVERSION = YES;
				CLANG_WARN_OBJC_ROOT_CLASS = YES_ERROR;
				CLANG_WARN_UNREACHABLE_CODE = YES;
				CLANG_WARN__DUPLICATE_METHOD_MATCH = YES;
				"CODE_SIGN_IDENTITY[sdk=iphoneos*]" = "iPhone Developer";
				COPY_PHASE_STRIP = NO;
				DEBUG_INFORMATION_FORMAT = dwarf;
				ENABLE_STRICT_OBJC_MSGSEND = YES;
				ENABLE_TESTABILITY = YES;
				GCC_C_LANGUAGE_STANDARD = gnu99;
				GCC_DYNAMIC_NO_PIC = NO;
				GCC_NO_COMMON_BLOCKS = YES;
				GCC_OPTIMIZATION_LEVEL = 0;
				GCC_PREPROCESSOR_DEFINITIONS = (
					"DEBUG=1",
					"$(inherited)",
				);
				GCC_WARN_64_TO_32_BIT_CONVERSION = YES;
				GCC_WARN_ABOUT_RETURN_TYPE = YES_ERROR;
				GCC_WARN_UNDECLARED_SELECTOR = YES;
				GCC_WARN_UNINITIALIZED_AUTOS = YES_AGGRESSIVE;
				GCC_WARN_UNUSED_FUNCTION = YES;
				GCC_WARN_UNUSED_VARIABLE = YES;
				IPHONEOS_DEPLOYMENT_TARGET = 9.2;
				MTL_ENABLE_DEBUG_INFO = YES;
				ONLY_ACTIVE_ARCH = YES;
				SDKROOT = iphoneos;
				SWIFT_OPTIMIZATION_LEVEL = "-Onone";
				TARGETED_DEVICE_FAMILY = "1,2";
			};
			name = Debug;
		};
		9EBD30101C83EC5C00901339 /* Release */ = {
			isa = XCBuildConfiguration;
			buildSettings = {
				ALWAYS_SEARCH_USER_PATHS = NO;
				CLANG_CXX_LANGUAGE_STANDARD = "gnu++0x";
				CLANG_CXX_LIBRARY = "libc++";
				CLANG_ENABLE_MODULES = YES;
				CLANG_ENABLE_OBJC_ARC = YES;
				CLANG_WARN_BOOL_CONVERSION = YES;
				CLANG_WARN_CONSTANT_CONVERSION = YES;
				CLANG_WARN_DIRECT_OBJC_ISA_USAGE = YES_ERROR;
				CLANG_WARN_EMPTY_BODY = YES;
				CLANG_WARN_ENUM_CONVERSION = YES;
				CLANG_WARN_INT_CONVERSION = YES;
				CLANG_WARN_OBJC_ROOT_CLASS = YES_ERROR;
				CLANG_WARN_UNREACHABLE_CODE = YES;
				CLANG_WARN__DUPLICATE_METHOD_MATCH = YES;
				"CODE_SIGN_IDENTITY[sdk=iphoneos*]" = "iPhone Developer";
				COPY_PHASE_STRIP = NO;
				DEBUG_INFORMATION_FORMAT = "dwarf-with-dsym";
				ENABLE_NS_ASSERTIONS = NO;
				ENABLE_STRICT_OBJC_MSGSEND = YES;
				GCC_C_LANGUAGE_STANDARD = gnu99;
				GCC_NO_COMMON_BLOCKS = YES;
				GCC_WARN_64_TO_32_BIT_CONVERSION = YES;
				GCC_WARN_ABOUT_RETURN_TYPE = YES_ERROR;
				GCC_WARN_UNDECLARED_SELECTOR = YES;
				GCC_WARN_UNINITIALIZED_AUTOS = YES_AGGRESSIVE;
				GCC_WARN_UNUSED_FUNCTION = YES;
				GCC_WARN_UNUSED_VARIABLE = YES;
				IPHONEOS_DEPLOYMENT_TARGET = 9.2;
				MTL_ENABLE_DEBUG_INFO = NO;
				SDKROOT = iphoneos;
				TARGETED_DEVICE_FAMILY = "1,2";
				VALIDATE_PRODUCT = YES;
			};
			name = Release;
		};
		9EBD30121C83EC5C00901339 /* Debug */ = {
			isa = XCBuildConfiguration;
			buildSettings = {
				ASSETCATALOG_COMPILER_APPICON_NAME = AppIcon;
				INFOPLIST_FILE = FoodPin/Info.plist;
				LD_RUNPATH_SEARCH_PATHS = "$(inherited) @executable_path/Frameworks";
				PRODUCT_BUNDLE_IDENTIFIER = com.mt.swift.FoodPin;
				PRODUCT_NAME = "$(TARGET_NAME)";
			};
			name = Debug;
		};
		9EBD30131C83EC5C00901339 /* Release */ = {
			isa = XCBuildConfiguration;
			buildSettings = {
				ASSETCATALOG_COMPILER_APPICON_NAME = AppIcon;
				INFOPLIST_FILE = FoodPin/Info.plist;
				LD_RUNPATH_SEARCH_PATHS = "$(inherited) @executable_path/Frameworks";
				PRODUCT_BUNDLE_IDENTIFIER = com.mt.swift.FoodPin;
				PRODUCT_NAME = "$(TARGET_NAME)";
			};
			name = Release;
		};
/* End XCBuildConfiguration section */

/* Begin XCConfigurationList section */
		9EBD2FFA1C83EC5C00901339 /* Build configuration list for PBXProject "FoodPin" */ = {
			isa = XCConfigurationList;
			buildConfigurations = (
				9EBD300F1C83EC5C00901339 /* Debug */,
				9EBD30101C83EC5C00901339 /* Release */,
			);
			defaultConfigurationIsVisible = 0;
			defaultConfigurationName = Release;
		};
		9EBD30111C83EC5C00901339 /* Build configuration list for PBXNativeTarget "FoodPin" */ = {
			isa = XCConfigurationList;
			buildConfigurations = (
				9EBD30121C83EC5C00901339 /* Debug */,
				9EBD30131C83EC5C00901339 /* Release */,
			);
			defaultConfigurationIsVisible = 0;
			defaultConfigurationName = Release;
		};
/* End XCConfigurationList section */
	};
	rootObject = 9EBD2FF71C83EC5C00901339 /* Project object */;
}
